
Microsoft Visual Studio Solution File, Format Version 12.00
# Visual Studio Version 16
VisualStudioVersion = 16.0.32630.194
MinimumVisualStudioVersion = 10.0.40219.1
Project("{FAE04EC0-301F-11D3-BF4B-00C04F79EFBC}") = "SG_Store", "SG_Store\SG_Store.csproj", "{6AD5B189-9B2C-4612-867D-31F18CED11C8}"
EndProject
Global
	GlobalSection(SolutionConfigurationPlatforms) = preSolution
		Debug|Any CPU = Debug|Any CPU
		Release|Any CPU = Release|Any CPU
	EndGlobalSection
	GlobalSection(ProjectConfigurationPlatforms) = postSolution
		{6AD5B189-9B2C-4612-867D-31F18CED11C8}.Debug|Any CPU.ActiveCfg = Debug|Any CPU
		{6AD5B189-9B2C-4612-867D-31F18CED11C8}.Debug|Any CPU.Build.0 = Debug|Any CPU
		{6AD5B189-9B2C-4612-867D-31F18CED11C8}.Release|Any CPU.ActiveCfg = Release|Any CPU
		{6AD5B189-9B2C-4612-867D-31F18CED11C8}.Release|Any CPU.Build.0 = Release|Any CPU
	EndGlobalSection
	GlobalSection(SolutionProperties) = preSolution
		HideSolutionNode = FALSE
	EndGlobalSection
	GlobalSection(ExtensibilityGlobals) = postSolution
		SolutionGuid = {718D0BD3-D872-48A3-988B-0B09CE7117DC}
	EndGlobalSection
EndGlobal
